
Microsoft Visual Studio Solution File, Format Version 12.00
# Visual Studio 14
VisualStudioVersion = 14.0.24720.0
MinimumVisualStudioVersion = 10.0.40219.1
Project("{2150E333-8FDC-42A3-9474-1A3956D46DE8}") = "Business", "Business", "{86E4B7AA-87C4-4171-8D36-BD17FEC13132}"
EndProject
Project("{2150E333-8FDC-42A3-9474-1A3956D46DE8}") = "WMS", "WMS", "{3F3A2EA0-5021-442B-96C5-004037BB2CEC}"
EndProject
Project("{FAE04EC0-301F-11D3-BF4B-00C04F79EFBC}") = "TF.Business.WMS.Product", "src\Business\WMS\Product\TF.Business.WMS.Product.csproj", "{E96DC8EC-9693-4EC5-BE52-5D127F3D7550}"
EndProject
Project("{FAE04EC0-301F-11D3-BF4B-00C04F79EFBC}") = "TF.Business.CategoryTree", "src\Business\TF.Business.CategoryTree\TF.Business.CategoryTree.csproj", "{09D1B015-A359-427C-97A4-D293927A7355}"
EndProject
Project("{FAE04EC0-301F-11D3-BF4B-00C04F79EFBC}") = "TF.Business.WMS.ProductCategory", "src\Business\WMS\TF.Business.WMS.ProductCategory\TF.Business.WMS.ProductCategory.csproj", "{1BB8A993-C7C7-42D7-B109-0507EAB646B0}"
EndProject
Project("{FAE04EC0-301F-11D3-BF4B-00C04F79EFBC}") = "TF.Business.WMS.Price", "src\Business\WMS\TF.Business.WMS.Price\TF.Business.WMS.Price.csproj", "{8049AB21-406E-423B-AFE2-9282B2FAE4C5}"
EndProject
Project("{2150E333-8FDC-42A3-9474-1A3956D46DE8}") = "Microservices", "Microservices", "{BD8D6E7C-6911-417A-B435-A669A57C7F8F}"
EndProject
Project("{FAE04EC0-301F-11D3-BF4B-00C04F79EFBC}") = "TF.ProductMicroservice", "src\Microservices\TF.ProductMicroservice\TF.ProductMicroservice.csproj", "{24922083-1826-480D-B73A-1BFA9D463560}"
EndProject
Project("{2150E333-8FDC-42A3-9474-1A3956D46DE8}") = "PublicApi", "PublicApi", "{915C3CE4-7AF6-4801-BE43-0F33681926B2}"
EndProject
Project("{2150E333-8FDC-42A3-9474-1A3956D46DE8}") = "Clients", "Clients", "{81F2A10E-CDD2-43D8-A8C0-28BF4D0A53EC}"
EndProject
Project("{FAE04EC0-301F-11D3-BF4B-00C04F79EFBC}") = "TF.AuthorizationMicroservice", "src\Microservices\TF.AuthorizationMicroservice\TF.AuthorizationMicroservice.csproj", "{62AF66F7-1702-4008-9F05-DA8EDE9EF29E}"
EndProject
Project("{2150E333-8FDC-42A3-9474-1A3956D46DE8}") = "Tests", "Tests", "{E85BD645-8959-4198-8113-925031E682F6}"
EndProject
Project("{FAE04EC0-301F-11D3-BF4B-00C04F79EFBC}") = "BusinessCategoryTreeServiceTest", "src\Tests\BusinessCategoryTreeServiceTest\BusinessCategoryTreeServiceTest.csproj", "{EEC6EAF1-ED5C-47FB-9809-DFE3A6B4BC25}"
EndProject
Project("{FAE04EC0-301F-11D3-BF4B-00C04F79EFBC}") = "TF.CategoryTreeMicroservice", "src\Microservices\TF.CategoryTreeMicroservice\TF.CategoryTreeMicroservice.csproj", "{62F7740B-C921-4D56-AD81-8AEDA981E47F}"
EndProject
Project("{FAE04EC0-301F-11D3-BF4B-00C04F79EFBC}") = "BusinessCategoryTreeMicroserviceTest", "src\Tests\BusinessCategoryTreeMicroserviceTest\BusinessCategoryTreeMicroserviceTest.csproj", "{FAF9847B-9B90-4ABC-8A0F-5826934783D5}"
EndProject
Project("{FAE04EC0-301F-11D3-BF4B-00C04F79EFBC}") = "BusinessWmsPriceServiceTest", "src\Tests\BusinessWmsPriceServiceTest\BusinessWmsPriceServiceTest.csproj", "{028E7C48-1743-4079-AB81-4C2107CE2C9F}"
EndProject
Project("{FAE04EC0-301F-11D3-BF4B-00C04F79EFBC}") = "TF.PriceMicroservice", "src\Microservices\TF.PriceMicroservice\TF.PriceMicroservice.csproj", "{2E0C726D-8188-42C3-B83D-45D03FDD29E2}"
EndProject
Project("{FAE04EC0-301F-11D3-BF4B-00C04F79EFBC}") = "BusinessWmsPriceMicroserviceTest", "src\Tests\BusinessWmsPriceMicroserviceTest\BusinessWmsPriceMicroserviceTest.csproj", "{B9A17C7D-DF5A-4552-806A-420028D417A1}"
EndProject
Project("{FAE04EC0-301F-11D3-BF4B-00C04F79EFBC}") = "TF.Business.Person", "src\Business\TF.Business.Person\TF.Business.Person.csproj", "{CA60BD0B-9B31-4E5C-9282-76ED466E291A}"
EndProject
Project("{2150E333-8FDC-42A3-9474-1A3956D46DE8}") = "System", "System", "{5BB302C3-75CB-4E8F-A223-93647A5DF399}"
EndProject
Project("{2150E333-8FDC-42A3-9474-1A3956D46DE8}") = "Security", "Security", "{2510EBD0-5500-4DBD-A039-2EC37A5679EF}"
EndProject
Project("{FAE04EC0-301F-11D3-BF4B-00C04F79EFBC}") = "TF.UserMicroservice", "src\Microservices\TF.UserMicroservice\TF.UserMicroservice.csproj", "{2478FCE5-6082-436C-AB61-5A9095BF9718}"
EndProject
Project("{FAE04EC0-301F-11D3-BF4B-00C04F79EFBC}") = "TF.PersonMicroservice", "src\Microservices\TF.PersonMicroservice\TF.PersonMicroservice.csproj", "{E6804413-3A9C-4C90-B0BE-C06C5B255382}"
EndProject
Project("{FAE04EC0-301F-11D3-BF4B-00C04F79EFBC}") = "SystemSecurityUserServiceTest", "src\Tests\SystemSecurityUserServiceTest\SystemSecurityUserServiceTest.csproj", "{C1A06E09-D559-4C15-B61D-EC08AA2F3F75}"
EndProject
Project("{FAE04EC0-301F-11D3-BF4B-00C04F79EFBC}") = "BusinessPersonServiceTest", "src\Tests\BusinessPersonServiceTest\BusinessPersonServiceTest.csproj", "{3C740E07-87CA-4A0B-B07D-3FC2AA59F87D}"
EndProject
Project("{FAE04EC0-301F-11D3-BF4B-00C04F79EFBC}") = "SystemSecurityUserMicroserviceTest", "src\Tests\SystemSecurityUserMicroserviceTest\SystemSecurityUserMicroserviceTest.csproj", "{710AF0C8-43D6-4B6C-A189-05535F4DF312}"
EndProject
Project("{FAE04EC0-301F-11D3-BF4B-00C04F79EFBC}") = "BusinessPersonMicroserviceTest", "src\Tests\BusinessPersonMicroserviceTest\BusinessPersonMicroserviceTest.csproj", "{C6A7E16C-E4EC-4DBE-9065-3178EED0549F}"
EndProject
Project("{FAE04EC0-301F-11D3-BF4B-00C04F79EFBC}") = "TF.SystemSecurity.User", "src\System\Security\TF.System.Security.Users\TF.SystemSecurity.User.csproj", "{504116E4-DEA9-483C-9830-E9F53DBE0A87}"
EndProject
Global
	GlobalSection(SolutionConfigurationPlatforms) = preSolution
		Debug|Any CPU = Debug|Any CPU
		Release|Any CPU = Release|Any CPU
	EndGlobalSection
	GlobalSection(ProjectConfigurationPlatforms) = postSolution
		{E96DC8EC-9693-4EC5-BE52-5D127F3D7550}.Debug|Any CPU.ActiveCfg = Debug|Any CPU
		{E96DC8EC-9693-4EC5-BE52-5D127F3D7550}.Debug|Any CPU.Build.0 = Debug|Any CPU
		{E96DC8EC-9693-4EC5-BE52-5D127F3D7550}.Release|Any CPU.ActiveCfg = Release|Any CPU
		{E96DC8EC-9693-4EC5-BE52-5D127F3D7550}.Release|Any CPU.Build.0 = Release|Any CPU
		{09D1B015-A359-427C-97A4-D293927A7355}.Debug|Any CPU.ActiveCfg = Debug|Any CPU
		{09D1B015-A359-427C-97A4-D293927A7355}.Debug|Any CPU.Build.0 = Debug|Any CPU
		{09D1B015-A359-427C-97A4-D293927A7355}.Release|Any CPU.ActiveCfg = Release|Any CPU
		{09D1B015-A359-427C-97A4-D293927A7355}.Release|Any CPU.Build.0 = Release|Any CPU
		{1BB8A993-C7C7-42D7-B109-0507EAB646B0}.Debug|Any CPU.ActiveCfg = Debug|Any CPU
		{1BB8A993-C7C7-42D7-B109-0507EAB646B0}.Debug|Any CPU.Build.0 = Debug|Any CPU
		{1BB8A993-C7C7-42D7-B109-0507EAB646B0}.Release|Any CPU.ActiveCfg = Release|Any CPU
		{1BB8A993-C7C7-42D7-B109-0507EAB646B0}.Release|Any CPU.Build.0 = Release|Any CPU
		{8049AB21-406E-423B-AFE2-9282B2FAE4C5}.Debug|Any CPU.ActiveCfg = Debug|Any CPU
		{8049AB21-406E-423B-AFE2-9282B2FAE4C5}.Debug|Any CPU.Build.0 = Debug|Any CPU
		{8049AB21-406E-423B-AFE2-9282B2FAE4C5}.Release|Any CPU.ActiveCfg = Release|Any CPU
		{8049AB21-406E-423B-AFE2-9282B2FAE4C5}.Release|Any CPU.Build.0 = Release|Any CPU
		{24922083-1826-480D-B73A-1BFA9D463560}.Debug|Any CPU.ActiveCfg = Debug|Any CPU
		{24922083-1826-480D-B73A-1BFA9D463560}.Debug|Any CPU.Build.0 = Debug|Any CPU
		{24922083-1826-480D-B73A-1BFA9D463560}.Release|Any CPU.ActiveCfg = Release|Any CPU
		{24922083-1826-480D-B73A-1BFA9D463560}.Release|Any CPU.Build.0 = Release|Any CPU
		{62AF66F7-1702-4008-9F05-DA8EDE9EF29E}.Debug|Any CPU.ActiveCfg = Debug|Any CPU
		{62AF66F7-1702-4008-9F05-DA8EDE9EF29E}.Debug|Any CPU.Build.0 = Debug|Any CPU
		{62AF66F7-1702-4008-9F05-DA8EDE9EF29E}.Release|Any CPU.ActiveCfg = Release|Any CPU
		{62AF66F7-1702-4008-9F05-DA8EDE9EF29E}.Release|Any CPU.Build.0 = Release|Any CPU
		{EEC6EAF1-ED5C-47FB-9809-DFE3A6B4BC25}.Debug|Any CPU.ActiveCfg = Debug|Any CPU
		{EEC6EAF1-ED5C-47FB-9809-DFE3A6B4BC25}.Debug|Any CPU.Build.0 = Debug|Any CPU
		{EEC6EAF1-ED5C-47FB-9809-DFE3A6B4BC25}.Release|Any CPU.ActiveCfg = Release|Any CPU
		{EEC6EAF1-ED5C-47FB-9809-DFE3A6B4BC25}.Release|Any CPU.Build.0 = Release|Any CPU
		{62F7740B-C921-4D56-AD81-8AEDA981E47F}.Debug|Any CPU.ActiveCfg = Debug|Any CPU
		{62F7740B-C921-4D56-AD81-8AEDA981E47F}.Debug|Any CPU.Build.0 = Debug|Any CPU
		{62F7740B-C921-4D56-AD81-8AEDA981E47F}.Release|Any CPU.ActiveCfg = Release|Any CPU
		{62F7740B-C921-4D56-AD81-8AEDA981E47F}.Release|Any CPU.Build.0 = Release|Any CPU
		{FAF9847B-9B90-4ABC-8A0F-5826934783D5}.Debug|Any CPU.ActiveCfg = Debug|Any CPU
		{FAF9847B-9B90-4ABC-8A0F-5826934783D5}.Debug|Any CPU.Build.0 = Debug|Any CPU
		{FAF9847B-9B90-4ABC-8A0F-5826934783D5}.Release|Any CPU.ActiveCfg = Release|Any CPU
		{FAF9847B-9B90-4ABC-8A0F-5826934783D5}.Release|Any CPU.Build.0 = Release|Any CPU
		{028E7C48-1743-4079-AB81-4C2107CE2C9F}.Debug|Any CPU.ActiveCfg = Debug|Any CPU
		{028E7C48-1743-4079-AB81-4C2107CE2C9F}.Debug|Any CPU.Build.0 = Debug|Any CPU
		{028E7C48-1743-4079-AB81-4C2107CE2C9F}.Release|Any CPU.ActiveCfg = Release|Any CPU
		{028E7C48-1743-4079-AB81-4C2107CE2C9F}.Release|Any CPU.Build.0 = Release|Any CPU
		{2E0C726D-8188-42C3-B83D-45D03FDD29E2}.Debug|Any CPU.ActiveCfg = Debug|Any CPU
		{2E0C726D-8188-42C3-B83D-45D03FDD29E2}.Debug|Any CPU.Build.0 = Debug|Any CPU
		{2E0C726D-8188-42C3-B83D-45D03FDD29E2}.Release|Any CPU.ActiveCfg = Release|Any CPU
		{2E0C726D-8188-42C3-B83D-45D03FDD29E2}.Release|Any CPU.Build.0 = Release|Any CPU
		{B9A17C7D-DF5A-4552-806A-420028D417A1}.Debug|Any CPU.ActiveCfg = Debug|Any CPU
		{B9A17C7D-DF5A-4552-806A-420028D417A1}.Debug|Any CPU.Build.0 = Debug|Any CPU
		{B9A17C7D-DF5A-4552-806A-420028D417A1}.Release|Any CPU.ActiveCfg = Release|Any CPU
		{B9A17C7D-DF5A-4552-806A-420028D417A1}.Release|Any CPU.Build.0 = Release|Any CPU
		{CA60BD0B-9B31-4E5C-9282-76ED466E291A}.Debug|Any CPU.ActiveCfg = Debug|Any CPU
		{CA60BD0B-9B31-4E5C-9282-76ED466E291A}.Debug|Any CPU.Build.0 = Debug|Any CPU
		{CA60BD0B-9B31-4E5C-9282-76ED466E291A}.Release|Any CPU.ActiveCfg = Release|Any CPU
		{CA60BD0B-9B31-4E5C-9282-76ED466E291A}.Release|Any CPU.Build.0 = Release|Any CPU
		{2478FCE5-6082-436C-AB61-5A9095BF9718}.Debug|Any CPU.ActiveCfg = Debug|Any CPU
		{2478FCE5-6082-436C-AB61-5A9095BF9718}.Debug|Any CPU.Build.0 = Debug|Any CPU
		{2478FCE5-6082-436C-AB61-5A9095BF9718}.Release|Any CPU.ActiveCfg = Release|Any CPU
		{2478FCE5-6082-436C-AB61-5A9095BF9718}.Release|Any CPU.Build.0 = Release|Any CPU
		{E6804413-3A9C-4C90-B0BE-C06C5B255382}.Debug|Any CPU.ActiveCfg = Debug|Any CPU
		{E6804413-3A9C-4C90-B0BE-C06C5B255382}.Debug|Any CPU.Build.0 = Debug|Any CPU
		{E6804413-3A9C-4C90-B0BE-C06C5B255382}.Release|Any CPU.ActiveCfg = Release|Any CPU
		{E6804413-3A9C-4C90-B0BE-C06C5B255382}.Release|Any CPU.Build.0 = Release|Any CPU
		{C1A06E09-D559-4C15-B61D-EC08AA2F3F75}.Debug|Any CPU.ActiveCfg = Debug|Any CPU
		{C1A06E09-D559-4C15-B61D-EC08AA2F3F75}.Debug|Any CPU.Build.0 = Debug|Any CPU
		{C1A06E09-D559-4C15-B61D-EC08AA2F3F75}.Release|Any CPU.ActiveCfg = Release|Any CPU
		{C1A06E09-D559-4C15-B61D-EC08AA2F3F75}.Release|Any CPU.Build.0 = Release|Any CPU
		{3C740E07-87CA-4A0B-B07D-3FC2AA59F87D}.Debug|Any CPU.ActiveCfg = Debug|Any CPU
		{3C740E07-87CA-4A0B-B07D-3FC2AA59F87D}.Debug|Any CPU.Build.0 = Debug|Any CPU
		{3C740E07-87CA-4A0B-B07D-3FC2AA59F87D}.Release|Any CPU.ActiveCfg = Release|Any CPU
		{3C740E07-87CA-4A0B-B07D-3FC2AA59F87D}.Release|Any CPU.Build.0 = Release|Any CPU
		{710AF0C8-43D6-4B6C-A189-05535F4DF312}.Debug|Any CPU.ActiveCfg = Debug|Any CPU
		{710AF0C8-43D6-4B6C-A189-05535F4DF312}.Debug|Any CPU.Build.0 = Debug|Any CPU
		{710AF0C8-43D6-4B6C-A189-05535F4DF312}.Release|Any CPU.ActiveCfg = Release|Any CPU
		{710AF0C8-43D6-4B6C-A189-05535F4DF312}.Release|Any CPU.Build.0 = Release|Any CPU
		{C6A7E16C-E4EC-4DBE-9065-3178EED0549F}.Debug|Any CPU.ActiveCfg = Debug|Any CPU
		{C6A7E16C-E4EC-4DBE-9065-3178EED0549F}.Debug|Any CPU.Build.0 = Debug|Any CPU
		{C6A7E16C-E4EC-4DBE-9065-3178EED0549F}.Release|Any CPU.ActiveCfg = Release|Any CPU
		{C6A7E16C-E4EC-4DBE-9065-3178EED0549F}.Release|Any CPU.Build.0 = Release|Any CPU
		{504116E4-DEA9-483C-9830-E9F53DBE0A87}.Debug|Any CPU.ActiveCfg = Debug|Any CPU
		{504116E4-DEA9-483C-9830-E9F53DBE0A87}.Debug|Any CPU.Build.0 = Debug|Any CPU
		{504116E4-DEA9-483C-9830-E9F53DBE0A87}.Release|Any CPU.ActiveCfg = Release|Any CPU
		{504116E4-DEA9-483C-9830-E9F53DBE0A87}.Release|Any CPU.Build.0 = Release|Any CPU
	EndGlobalSection
	GlobalSection(SolutionProperties) = preSolution
		HideSolutionNode = FALSE
	EndGlobalSection
	GlobalSection(NestedProjects) = preSolution
		{3F3A2EA0-5021-442B-96C5-004037BB2CEC} = {86E4B7AA-87C4-4171-8D36-BD17FEC13132}
		{E96DC8EC-9693-4EC5-BE52-5D127F3D7550} = {3F3A2EA0-5021-442B-96C5-004037BB2CEC}
		{09D1B015-A359-427C-97A4-D293927A7355} = {86E4B7AA-87C4-4171-8D36-BD17FEC13132}
		{1BB8A993-C7C7-42D7-B109-0507EAB646B0} = {3F3A2EA0-5021-442B-96C5-004037BB2CEC}
		{8049AB21-406E-423B-AFE2-9282B2FAE4C5} = {3F3A2EA0-5021-442B-96C5-004037BB2CEC}
		{24922083-1826-480D-B73A-1BFA9D463560} = {BD8D6E7C-6911-417A-B435-A669A57C7F8F}
		{62AF66F7-1702-4008-9F05-DA8EDE9EF29E} = {BD8D6E7C-6911-417A-B435-A669A57C7F8F}
		{EEC6EAF1-ED5C-47FB-9809-DFE3A6B4BC25} = {E85BD645-8959-4198-8113-925031E682F6}
		{62F7740B-C921-4D56-AD81-8AEDA981E47F} = {BD8D6E7C-6911-417A-B435-A669A57C7F8F}
		{FAF9847B-9B90-4ABC-8A0F-5826934783D5} = {E85BD645-8959-4198-8113-925031E682F6}
		{028E7C48-1743-4079-AB81-4C2107CE2C9F} = {E85BD645-8959-4198-8113-925031E682F6}
		{2E0C726D-8188-42C3-B83D-45D03FDD29E2} = {BD8D6E7C-6911-417A-B435-A669A57C7F8F}
		{B9A17C7D-DF5A-4552-806A-420028D417A1} = {E85BD645-8959-4198-8113-925031E682F6}
		{CA60BD0B-9B31-4E5C-9282-76ED466E291A} = {86E4B7AA-87C4-4171-8D36-BD17FEC13132}
		{2510EBD0-5500-4DBD-A039-2EC37A5679EF} = {5BB302C3-75CB-4E8F-A223-93647A5DF399}
		{2478FCE5-6082-436C-AB61-5A9095BF9718} = {BD8D6E7C-6911-417A-B435-A669A57C7F8F}
		{E6804413-3A9C-4C90-B0BE-C06C5B255382} = {BD8D6E7C-6911-417A-B435-A669A57C7F8F}
		{C1A06E09-D559-4C15-B61D-EC08AA2F3F75} = {E85BD645-8959-4198-8113-925031E682F6}
		{3C740E07-87CA-4A0B-B07D-3FC2AA59F87D} = {E85BD645-8959-4198-8113-925031E682F6}
		{710AF0C8-43D6-4B6C-A189-05535F4DF312} = {E85BD645-8959-4198-8113-925031E682F6}
		{C6A7E16C-E4EC-4DBE-9065-3178EED0549F} = {E85BD645-8959-4198-8113-925031E682F6}
		{504116E4-DEA9-483C-9830-E9F53DBE0A87} = {2510EBD0-5500-4DBD-A039-2EC37A5679EF}
	EndGlobalSection
EndGlobal
